
Microsoft Visual Studio Solution File, Format Version 12.00
# Visual Studio Version 16
VisualStudioVersion = 16.0.30804.86
MinimumVisualStudioVersion = 10.0.40219.1
Project("{FAE04EC0-301F-11D3-BF4B-00C04F79EFBC}") = "OOP-Simple1", "OOP-Simple1\OOP-Simple1.csproj", "{34FFC6CC-1F9F-4EF6-A2CC-58EB057F3C8A}"
EndProject
Global
	GlobalSection(SolutionConfigurationPlatforms) = preSolution
		Debug|Any CPU = Debug|Any CPU
		Release|Any CPU = Release|Any CPU
	EndGlobalSection
	GlobalSection(ProjectConfigurationPlatforms) = postSolution
		{34FFC6CC-1F9F-4EF6-A2CC-58EB057F3C8A}.Debug|Any CPU.ActiveCfg = Debug|Any CPU
		{34FFC6CC-1F9F-4EF6-A2CC-58EB057F3C8A}.Debug|Any CPU.Build.0 = Debug|Any CPU
		{34FFC6CC-1F9F-4EF6-A2CC-58EB057F3C8A}.Release|Any CPU.ActiveCfg = Release|Any CPU
		{34FFC6CC-1F9F-4EF6-A2CC-58EB057F3C8A}.Release|Any CPU.Build.0 = Release|Any CPU
	EndGlobalSection
	GlobalSection(SolutionProperties) = preSolution
		HideSolutionNode = FALSE
	EndGlobalSection
	GlobalSection(ExtensibilityGlobals) = postSolution
		SolutionGuid = {21F843A5-9654-47EF-887C-C65C12B800A2}
	EndGlobalSection
EndGlobal
