
Microsoft Visual Studio Solution File, Format Version 12.00
# Visual Studio Version 17
VisualStudioVersion = 17.4.33122.133
MinimumVisualStudioVersion = 10.0.40219.1
Project("{FAE04EC0-301F-11D3-BF4B-00C04F79EFBC}") = "Calculator", "Calculator\Calculator.csproj", "{0A1F0482-983E-4E71-817C-76174009F9D2}"
EndProject
Global
	GlobalSection(SolutionConfigurationPlatforms) = preSolution
		Debug|Any CPU = Debug|Any CPU
		Release|Any CPU = Release|Any CPU
	EndGlobalSection
	GlobalSection(ProjectConfigurationPlatforms) = postSolution
		{0A1F0482-983E-4E71-817C-76174009F9D2}.Debug|Any CPU.ActiveCfg = Debug|Any CPU
		{0A1F0482-983E-4E71-817C-76174009F9D2}.Debug|Any CPU.Build.0 = Debug|Any CPU
		{0A1F0482-983E-4E71-817C-76174009F9D2}.Release|Any CPU.ActiveCfg = Release|Any CPU
		{0A1F0482-983E-4E71-817C-76174009F9D2}.Release|Any CPU.Build.0 = Release|Any CPU
	EndGlobalSection
	GlobalSection(SolutionProperties) = preSolution
		HideSolutionNode = FALSE
	EndGlobalSection
	GlobalSection(ExtensibilityGlobals) = postSolution
		SolutionGuid = {19C5963E-0CBB-4CFE-AD34-70D3C42D7BC1}
	EndGlobalSection
EndGlobal
